
Microsoft Visual Studio Solution File, Format Version 12.00
# Visual Studio Version 17
VisualStudioVersion = 17.14.36221.1
MinimumVisualStudioVersion = 10.0.40219.1
Project("{8BC9CEB8-8B4A-11D0-8D11-00A0C91BC942}") = "TestExe", "TestExe\TestExe.vcxproj", "{7979D43F-358C-41FA-960C-CBE50FAD0AA8}"
EndProject
Project("{8BC9CEB8-8B4A-11D0-8D11-00A0C91BC942}") = "TestLib", "TestLib\TestLib.vcxproj", "{BBF3CBEC-B0B4-4890-9598-D1C0223698A2}"
EndProject
Project("{8BC9CEB8-8B4A-11D0-8D11-00A0C91BC942}") = "TestDll", "TestDll\TestDll.vcxproj", "{17A7878E-1A3C-46B1-A9E2-E610518BEEC2}"
EndProject
Project("{8BC9CEB8-8B4A-11D0-8D11-00A0C91BC942}") = "TestTests", "TestTests\TestTests.vcxproj", "{04D8DA82-DA9D-40CA-B96C-DADFD042D929}"
EndProject
Project("{8BC9CEB8-8B4A-11D0-8D11-00A0C91BC942}") = "TestAssemble", "TestAssemble\TestAssemble.vcxproj", "{8BAC9C02-5DE8-480F-97A4-C8B5DE4691F5}"
EndProject
Global
	GlobalSection(SolutionConfigurationPlatforms) = preSolution
		Debug|x64 = Debug|x64
		Debug|x86 = Debug|x86
		Release|x64 = Release|x64
		Release|x86 = Release|x86
	EndGlobalSection
	GlobalSection(ProjectConfigurationPlatforms) = postSolution
		{7979D43F-358C-41FA-960C-CBE50FAD0AA8}.Debug|x64.ActiveCfg = Debug|x64
		{7979D43F-358C-41FA-960C-CBE50FAD0AA8}.Debug|x64.Build.0 = Debug|x64
		{7979D43F-358C-41FA-960C-CBE50FAD0AA8}.Debug|x86.ActiveCfg = Debug|Win32
		{7979D43F-358C-41FA-960C-CBE50FAD0AA8}.Debug|x86.Build.0 = Debug|Win32
		{7979D43F-358C-41FA-960C-CBE50FAD0AA8}.Release|x64.ActiveCfg = Release|x64
		{7979D43F-358C-41FA-960C-CBE50FAD0AA8}.Release|x64.Build.0 = Release|x64
		{7979D43F-358C-41FA-960C-CBE50FAD0AA8}.Release|x86.ActiveCfg = Release|Win32
		{7979D43F-358C-41FA-960C-CBE50FAD0AA8}.Release|x86.Build.0 = Release|Win32
		{BBF3CBEC-B0B4-4890-9598-D1C0223698A2}.Debug|x64.ActiveCfg = Debug|x64
		{BBF3CBEC-B0B4-4890-9598-D1C0223698A2}.Debug|x64.Build.0 = Debug|x64
		{BBF3CBEC-B0B4-4890-9598-D1C0223698A2}.Debug|x86.ActiveCfg = Debug|Win32
		{BBF3CBEC-B0B4-4890-9598-D1C0223698A2}.Debug|x86.Build.0 = Debug|Win32
		{BBF3CBEC-B0B4-4890-9598-D1C0223698A2}.Release|x64.ActiveCfg = Release|x64
		{BBF3CBEC-B0B4-4890-9598-D1C0223698A2}.Release|x64.Build.0 = Release|x64
		{BBF3CBEC-B0B4-4890-9598-D1C0223698A2}.Release|x86.ActiveCfg = Release|Win32
		{BBF3CBEC-B0B4-4890-9598-D1C0223698A2}.Release|x86.Build.0 = Release|Win32
		{17A7878E-1A3C-46B1-A9E2-E610518BEEC2}.Debug|x64.ActiveCfg = Debug|x64
		{17A7878E-1A3C-46B1-A9E2-E610518BEEC2}.Debug|x64.Build.0 = Debug|x64
		{17A7878E-1A3C-46B1-A9E2-E610518BEEC2}.Debug|x86.ActiveCfg = Debug|Win32
		{17A7878E-1A3C-46B1-A9E2-E610518BEEC2}.Debug|x86.Build.0 = Debug|Win32
		{17A7878E-1A3C-46B1-A9E2-E610518BEEC2}.Release|x64.ActiveCfg = Release|x64
		{17A7878E-1A3C-46B1-A9E2-E610518BEEC2}.Release|x64.Build.0 = Release|x64
		{17A7878E-1A3C-46B1-A9E2-E610518BEEC2}.Release|x86.ActiveCfg = Release|Win32
		{17A7878E-1A3C-46B1-A9E2-E610518BEEC2}.Release|x86.Build.0 = Release|Win32
		{04D8DA82-DA9D-40CA-B96C-DADFD042D929}.Debug|x64.ActiveCfg = Debug|x64
		{04D8DA82-DA9D-40CA-B96C-DADFD042D929}.Debug|x64.Build.0 = Debug|x64
		{04D8DA82-DA9D-40CA-B96C-DADFD042D929}.Debug|x86.ActiveCfg = Debug|Win32
		{04D8DA82-DA9D-40CA-B96C-DADFD042D929}.Debug|x86.Build.0 = Debug|Win32
		{04D8DA82-DA9D-40CA-B96C-DADFD042D929}.Release|x64.ActiveCfg = Release|x64
		{04D8DA82-DA9D-40CA-B96C-DADFD042D929}.Release|x64.Build.0 = Release|x64
		{04D8DA82-DA9D-40CA-B96C-DADFD042D929}.Release|x86.ActiveCfg = Release|Win32
		{04D8DA82-DA9D-40CA-B96C-DADFD042D929}.Release|x86.Build.0 = Release|Win32
		{8BAC9C02-5DE8-480F-97A4-C8B5DE4691F5}.Debug|x64.ActiveCfg = Debug|x64
		{8BAC9C02-5DE8-480F-97A4-C8B5DE4691F5}.Debug|x64.Build.0 = Debug|x64
		{8BAC9C02-5DE8-480F-97A4-C8B5DE4691F5}.Debug|x86.ActiveCfg = Debug|Win32
		{8BAC9C02-5DE8-480F-97A4-C8B5DE4691F5}.Debug|x86.Build.0 = Debug|Win32
		{8BAC9C02-5DE8-480F-97A4-C8B5DE4691F5}.Release|x64.ActiveCfg = Release|x64
		{8BAC9C02-5DE8-480F-97A4-C8B5DE4691F5}.Release|x64.Build.0 = Release|x64
		{8BAC9C02-5DE8-480F-97A4-C8B5DE4691F5}.Release|x86.ActiveCfg = Release|Win32
		{8BAC9C02-5DE8-480F-97A4-C8B5DE4691F5}.Release|x86.Build.0 = Release|Win32
	EndGlobalSection
	GlobalSection(SolutionProperties) = preSolution
		HideSolutionNode = FALSE
	EndGlobalSection
	GlobalSection(ExtensibilityGlobals) = postSolution
		SolutionGuid = {F7588DFD-23F4-4520-83DC-90C88E92EF0C}
	EndGlobalSection
EndGlobal
